
Microsoft Visual Studio Solution File, Format Version 12.00
# Visual Studio 15
VisualStudioVersion = 15.0.27703.2042
MinimumVisualStudioVersion = 10.0.40219.1
Project("{FAE04EC0-301F-11D3-BF4B-00C04F79EFBC}") = "ShareTradingAPI", "ShareTradingAPI\ShareTradingAPI.csproj", "{77FC348B-A2D5-4CF4-9E9C-116FC3FC97E1}"
EndProject
Project("{E53339B2-1760-4266-BCC7-CA923CBCF16C}") = "docker-compose", "docker-compose.dcproj", "{719FE3AD-C659-4B89-BD06-5F701A08EEE8}"
EndProject
Global
	GlobalSection(SolutionConfigurationPlatforms) = preSolution
		Debug|Any CPU = Debug|Any CPU
		Release|Any CPU = Release|Any CPU
	EndGlobalSection
	GlobalSection(ProjectConfigurationPlatforms) = postSolution
		{77FC348B-A2D5-4CF4-9E9C-116FC3FC97E1}.Debug|Any CPU.ActiveCfg = Debug|Any CPU
		{77FC348B-A2D5-4CF4-9E9C-116FC3FC97E1}.Debug|Any CPU.Build.0 = Debug|Any CPU
		{77FC348B-A2D5-4CF4-9E9C-116FC3FC97E1}.Release|Any CPU.ActiveCfg = Release|Any CPU
		{77FC348B-A2D5-4CF4-9E9C-116FC3FC97E1}.Release|Any CPU.Build.0 = Release|Any CPU
		{719FE3AD-C659-4B89-BD06-5F701A08EEE8}.Debug|Any CPU.ActiveCfg = Debug|Any CPU
		{719FE3AD-C659-4B89-BD06-5F701A08EEE8}.Debug|Any CPU.Build.0 = Debug|Any CPU
		{719FE3AD-C659-4B89-BD06-5F701A08EEE8}.Release|Any CPU.ActiveCfg = Release|Any CPU
		{719FE3AD-C659-4B89-BD06-5F701A08EEE8}.Release|Any CPU.Build.0 = Release|Any CPU
	EndGlobalSection
	GlobalSection(SolutionProperties) = preSolution
		HideSolutionNode = FALSE
	EndGlobalSection
	GlobalSection(ExtensibilityGlobals) = postSolution
		SolutionGuid = {264BA0BC-C2F9-4422-A5C5-306C7893D16B}
	EndGlobalSection
EndGlobal
